
Microsoft Visual Studio Solution File, Format Version 12.00
# Visual Studio Version 16
VisualStudioVersion = 16.0.31911.196
MinimumVisualStudioVersion = 10.0.40219.1
Project("{FAE04EC0-301F-11D3-BF4B-00C04F79EFBC}") = "AppImpostoRenda", "AppImpostoRenda\AppImpostoRenda.csproj", "{F97CB97F-69EF-482D-956A-8402D6A5AC4F}"
EndProject
Global
	GlobalSection(SolutionConfigurationPlatforms) = preSolution
		Debug|Any CPU = Debug|Any CPU
		Release|Any CPU = Release|Any CPU
	EndGlobalSection
	GlobalSection(ProjectConfigurationPlatforms) = postSolution
		{F97CB97F-69EF-482D-956A-8402D6A5AC4F}.Debug|Any CPU.ActiveCfg = Debug|Any CPU
		{F97CB97F-69EF-482D-956A-8402D6A5AC4F}.Debug|Any CPU.Build.0 = Debug|Any CPU
		{F97CB97F-69EF-482D-956A-8402D6A5AC4F}.Release|Any CPU.ActiveCfg = Release|Any CPU
		{F97CB97F-69EF-482D-956A-8402D6A5AC4F}.Release|Any CPU.Build.0 = Release|Any CPU
	EndGlobalSection
	GlobalSection(SolutionProperties) = preSolution
		HideSolutionNode = FALSE
	EndGlobalSection
	GlobalSection(ExtensibilityGlobals) = postSolution
		SolutionGuid = {B7CD2455-D83A-465B-8736-10B9631565EF}
	EndGlobalSection
EndGlobal
