
Microsoft Visual Studio Solution File, Format Version 12.00
# Visual Studio Version 16
VisualStudioVersion = 16.0.31911.196
MinimumVisualStudioVersion = 10.0.40219.1
Project("{FAE04EC0-301F-11D3-BF4B-00C04F79EFBC}") = "PagamentoFuncionario", "PagamentoFuncionario\PagamentoFuncionario.csproj", "{21BF5FB0-8748-4A16-BC79-FD67D9ACCACB}"
EndProject
Global
	GlobalSection(SolutionConfigurationPlatforms) = preSolution
		Debug|Any CPU = Debug|Any CPU
		Release|Any CPU = Release|Any CPU
	EndGlobalSection
	GlobalSection(ProjectConfigurationPlatforms) = postSolution
		{21BF5FB0-8748-4A16-BC79-FD67D9ACCACB}.Debug|Any CPU.ActiveCfg = Debug|Any CPU
		{21BF5FB0-8748-4A16-BC79-FD67D9ACCACB}.Debug|Any CPU.Build.0 = Debug|Any CPU
		{21BF5FB0-8748-4A16-BC79-FD67D9ACCACB}.Release|Any CPU.ActiveCfg = Release|Any CPU
		{21BF5FB0-8748-4A16-BC79-FD67D9ACCACB}.Release|Any CPU.Build.0 = Release|Any CPU
	EndGlobalSection
	GlobalSection(SolutionProperties) = preSolution
		HideSolutionNode = FALSE
	EndGlobalSection
	GlobalSection(ExtensibilityGlobals) = postSolution
		SolutionGuid = {D555F60A-D5F9-494A-A680-19C21364982C}
	EndGlobalSection
EndGlobal
